
Microsoft Visual Studio Solution File, Format Version 12.00
# Visual Studio Version 16
VisualStudioVersion = 16.0.28803.202
MinimumVisualStudioVersion = 10.0.40219.1
Project("{FAE04EC0-301F-11D3-BF4B-00C04F79EFBC}") = "JiraAPI", "JiraAPIActivities\JiraAPI.csproj", "{FFF72930-5307-41D5-BA79-F5E55D6FD913}"
EndProject
Global
	GlobalSection(SolutionConfigurationPlatforms) = preSolution
		Debug|Any CPU = Debug|Any CPU
		Release|Any CPU = Release|Any CPU
	EndGlobalSection
	GlobalSection(ProjectConfigurationPlatforms) = postSolution
		{FFF72930-5307-41D5-BA79-F5E55D6FD913}.Debug|Any CPU.ActiveCfg = Debug|Any CPU
		{FFF72930-5307-41D5-BA79-F5E55D6FD913}.Debug|Any CPU.Build.0 = Debug|Any CPU
		{FFF72930-5307-41D5-BA79-F5E55D6FD913}.Release|Any CPU.ActiveCfg = Release|Any CPU
		{FFF72930-5307-41D5-BA79-F5E55D6FD913}.Release|Any CPU.Build.0 = Release|Any CPU
	EndGlobalSection
	GlobalSection(SolutionProperties) = preSolution
		HideSolutionNode = FALSE
	EndGlobalSection
	GlobalSection(ExtensibilityGlobals) = postSolution
		SolutionGuid = {F6848A95-08DC-4857-A74B-9A7A59D920D2}
	EndGlobalSection
EndGlobal
